
Microsoft Visual Studio Solution File, Format Version 12.00
# Visual Studio 15
VisualStudioVersion = 15.0.26430.6
MinimumVisualStudioVersion = 10.0.40219.1
Project("{FAE04EC0-301F-11D3-BF4B-00C04F79EFBC}") = "dotnet462-api", "dotnet462-api\dotnet462-api.csproj", "{F19950D6-02C6-44CD-931B-689098B141F4}"
EndProject
Project("{2150E333-8FDC-42A3-9474-1A3956D46DE8}") = "Solution Items", "Solution Items", "{F575ED41-0D27-41B9-BE92-882F60B29EAC}"
	ProjectSection(SolutionItems) = preProject
		ci-build.ps1 = ci-build.ps1
		README.md = README.md
	EndProjectSection
EndProject
Project("{E53339B2-1760-4266-BCC7-CA923CBCF16C}") = "docker-compose", "docker-compose.dcproj", "{ECC66E11-6E51-4F8A-B84F-0DC453C9F144}"
EndProject
Global
	GlobalSection(SolutionConfigurationPlatforms) = preSolution
		Debug|Any CPU = Debug|Any CPU
		Release|Any CPU = Release|Any CPU
	EndGlobalSection
	GlobalSection(ProjectConfigurationPlatforms) = postSolution
		{F19950D6-02C6-44CD-931B-689098B141F4}.Debug|Any CPU.ActiveCfg = Debug|Any CPU
		{F19950D6-02C6-44CD-931B-689098B141F4}.Debug|Any CPU.Build.0 = Debug|Any CPU
		{F19950D6-02C6-44CD-931B-689098B141F4}.Release|Any CPU.ActiveCfg = Release|Any CPU
		{F19950D6-02C6-44CD-931B-689098B141F4}.Release|Any CPU.Build.0 = Release|Any CPU
		{ECC66E11-6E51-4F8A-B84F-0DC453C9F144}.Debug|Any CPU.ActiveCfg = Debug|Any CPU
		{ECC66E11-6E51-4F8A-B84F-0DC453C9F144}.Debug|Any CPU.Build.0 = Debug|Any CPU
		{ECC66E11-6E51-4F8A-B84F-0DC453C9F144}.Release|Any CPU.ActiveCfg = Release|Any CPU
		{ECC66E11-6E51-4F8A-B84F-0DC453C9F144}.Release|Any CPU.Build.0 = Release|Any CPU
	EndGlobalSection
	GlobalSection(SolutionProperties) = preSolution
		HideSolutionNode = FALSE
	EndGlobalSection
EndGlobal
